PODS:
  - Flutter (1.0.0)
  - GoogleMaps (2.6.0):
    - GoogleMaps/Maps (= 2.6.0)
  - GoogleMaps/Base (2.6.0)
  - GoogleMaps/Maps (2.6.0):
    - GoogleMaps/Base
  - location (0.0.1):
    - Flutter
  - map_view (0.0.1):
    - Flutter
    - GoogleMaps

DEPENDENCIES:
  - Flutter (from `Pods/.symlinks/flutter/ios`)
  - location (from `Pods/.symlinks/plugins/location-1.2.0/ios`)
  - map_view (from `Pods/.symlinks/plugins/map_view-0.0.10/ios`)

EXTERNAL SOURCES:
  Flutter:
    :path: Pods/.symlinks/flutter/ios
  location:
    :path: Pods/.symlinks/plugins/location-1.2.0/ios
  map_view:
    :path: Pods/.symlinks/plugins/map_view-0.0.10/ios

SPEC CHECKSUMS:
  Flutter: 9d0fac939486c9aba2809b7982dfdbb47a7b0296
  GoogleMaps: 42f91c68b7fa2f84d5c86597b18ceb99f5414c7f
  location: 26c90953ad5916331d0d1d913898779910416487
  map_view: da5875d2bc7b2871e4b7ed3e9e8e4509fc62d7bd

PODFILE CHECKSUM: 0420ab312a523ae0eecfb1fc19ea51dd82cc17c7

COCOAPODS: 1.4.0
